# This file is automatically @generated by Cargo.
# It is not intended for manual editing.
[[package]]
name = "autocfg"
version = "1.0.1"
source = "registry+https://github.com/rust-lang/crates.io-index"
checksum = "cdb031dd78e28731d87d56cc8ffef4a8f36ca26c38fe2de700543e627f8a464a"

[[package]]
name = "bstr"
version = "0.2.13"
source = "registry+https://github.com/rust-lang/crates.io-index"
checksum = "31accafdb70df7871592c058eca3985b71104e15ac32f64706022c58867da931"
dependencies = [
 "memchr",
]

[[package]]
name = "cc"
version = "1.0.60"
source = "registry+https://github.com/rust-lang/crates.io-index"
checksum = "ef611cc68ff783f18535d77ddd080185275713d852c4f5cbb6122c462a7a825c"

[[package]]
name = "cfg-if"
version = "1.0.0"
source = "registry+https://github.com/rust-lang/crates.io-index"
checksum = "baf1de4339761588bc0619e3cbc0120ee582ebb74b53b4efbf79117bd2da40fd"

[[package]]
name = "common"
version = "0.1.0"
dependencies = [
 "mlua",
 "neon",
]

[[package]]
name = "cslice"
version = "0.2.0"
source = "registry+https://github.com/rust-lang/crates.io-index"
checksum = "697c714f50560202b1f4e2e09cd50a421881c83e9025db75d15f276616f04f40"

[[package]]
name = "lazy_static"
version = "1.4.0"
source = "registry+https://github.com/rust-lang/crates.io-index"
checksum = "e2abad23fbc42b3700f2f279844dc832adb2b2eb069b2df918f455c4e18cc646"

[[package]]
name = "libloading"
version = "0.6.6"
source = "registry+https://github.com/rust-lang/crates.io-index"
checksum = "e9367bdfa836b7e3cf895867f7a570283444da90562980ec2263d6e1569b16bc"
dependencies = [
 "cfg-if",
 "winapi",
]

[[package]]
name = "lua-src"
version = "540.0.1"
source = "registry+https://github.com/rust-lang/crates.io-index"
checksum = "e3abacd03794cff973408c83f918215649d4b4612eb25049a305c2fd74e0f69f"
dependencies = [
 "cc",
]

[[package]]
name = "lua51"
version = "0.1.0"
dependencies = [
 "common",
 "neon",
 "neon-build",
]

[[package]]
name = "lua52"
version = "0.1.0"
dependencies = [
 "common",
 "neon",
 "neon-build",
]

[[package]]
name = "lua53"
version = "0.1.0"
dependencies = [
 "common",
 "neon",
 "neon-build",
]

[[package]]
name = "lua54"
version = "0.1.0"
dependencies = [
 "common",
 "neon",
 "neon-build",
]

[[package]]
name = "luajit"
version = "0.1.0"
dependencies = [
 "common",
 "neon",
 "neon-build",
]

[[package]]
name = "luajit-src"
version = "210.1.1+resty29a66f7"
source = "registry+https://github.com/rust-lang/crates.io-index"
checksum = "87fde48e962dec7e54f379de24e181795f3f990f823dc6d8bf775e27ae663206"
dependencies = [
 "cc",
]

[[package]]
name = "memchr"
version = "2.3.3"
source = "registry+https://github.com/rust-lang/crates.io-index"
checksum = "3728d817d99e5ac407411fa471ff9800a778d88a24685968b36824eaf4bee400"

[[package]]
name = "mlua"
version = "0.5.0"
source = "registry+https://github.com/rust-lang/crates.io-index"
checksum = "a12dc3300f9cb6d319059a5e94f9fcde2ee8dd803f225b92bed17b0c6fb15154"
dependencies = [
 "bstr",
 "cc",
 "lazy_static",
 "lua-src",
 "luajit-src",
 "num-traits",
 "pkg-config",
]

[[package]]
name = "neon"
version = "0.7.0"
source = "registry+https://github.com/rust-lang/crates.io-index"
checksum = "a171c5739a277a667669678475165bdbaec1769010e167706c365fd2f98d4f39"
dependencies = [
 "cslice",
 "neon-build",
 "neon-macros",
 "neon-runtime",
 "semver",
 "smallvec",
]

[[package]]
name = "neon-build"
version = "0.7.0"
source = "registry+https://github.com/rust-lang/crates.io-index"
checksum = "69c4ddb734e07eeb082b1db7e94b47efd385a3672229ca758a2e2c128263db7f"

[[package]]
name = "neon-macros"
version = "0.7.0"
source = "registry+https://github.com/rust-lang/crates.io-index"
checksum = "48258a462ac1d9e35c99205588b19af8dca6be8a1a7a97a064be8f402de45f25"
dependencies = [
 "quote",
 "syn",
]

[[package]]
name = "neon-runtime"
version = "0.7.0"
source = "registry+https://github.com/rust-lang/crates.io-index"
checksum = "e4c2ae6cb6d5f5a546f5f43dc0318ae90c237b8c0fd30364e299abb7e5cda913"
dependencies = [
 "cfg-if",
 "libloading",
 "smallvec",
]

[[package]]
name = "num-traits"
version = "0.2.14"
source = "registry+https://github.com/rust-lang/crates.io-index"
checksum = "9a64b1ec5cda2586e284722486d802acf1f7dbdc623e2bfc57e65ca1cd099290"
dependencies = [
 "autocfg",
]

[[package]]
name = "pkg-config"
version = "0.3.19"
source = "registry+https://github.com/rust-lang/crates.io-index"
checksum = "3831453b3449ceb48b6d9c7ad7c96d5ea673e9b470a1dc578c2ce6521230884c"

[[package]]
name = "proc-macro2"
version = "1.0.24"
source = "registry+https://github.com/rust-lang/crates.io-index"
checksum = "1e0704ee1a7e00d7bb417d0770ea303c1bccbabf0ef1667dae92b5967f5f8a71"
dependencies = [
 "unicode-xid",
]

[[package]]
name = "quote"
version = "1.0.8"
source = "registry+https://github.com/rust-lang/crates.io-index"
checksum = "991431c3519a3f36861882da93630ce66b52918dcf1b8e2fd66b397fc96f28df"
dependencies = [
 "proc-macro2",
]

[[package]]
name = "semver"
version = "0.9.0"
source = "registry+https://github.com/rust-lang/crates.io-index"
checksum = "1d7eb9ef2c18661902cc47e535f9bc51b78acd254da71d375c2f6720d9a40403"
dependencies = [
 "semver-parser",
]

[[package]]
name = "semver-parser"
version = "0.7.0"
source = "registry+https://github.com/rust-lang/crates.io-index"
checksum = "388a1df253eca08550bef6c72392cfe7c30914bf41df5269b68cbd6ff8f570a3"

[[package]]
name = "smallvec"
version = "1.4.2"
source = "registry+https://github.com/rust-lang/crates.io-index"
checksum = "fbee7696b84bbf3d89a1c2eccff0850e3047ed46bfcd2e92c29a2d074d57e252"

[[package]]
name = "syn"
version = "1.0.55"
source = "registry+https://github.com/rust-lang/crates.io-index"
checksum = "a571a711dddd09019ccc628e1b17fe87c59b09d513c06c026877aa708334f37a"
dependencies = [
 "proc-macro2",
 "quote",
 "unicode-xid",
]

[[package]]
name = "unicode-xid"
version = "0.2.1"
source = "registry+https://github.com/rust-lang/crates.io-index"
checksum = "f7fe0bb3479651439c9112f72b6c505038574c9fbb575ed1bf3b797fa39dd564"

[[package]]
name = "winapi"
version = "0.3.9"
source = "registry+https://github.com/rust-lang/crates.io-index"
checksum = "5c839a674fcd7a98952e593242ea400abe93992746761e38641405d28b00f419"
dependencies = [
 "winapi-i686-pc-windows-gnu",
 "winapi-x86_64-pc-windows-gnu",
]

[[package]]
name = "winapi-i686-pc-windows-gnu"
version = "0.4.0"
source = "registry+https://github.com/rust-lang/crates.io-index"
checksum = "ac3b87c63620426dd9b991e5ce0329eff545bccbbb34f3be09ff6fb6ab51b7b6"

[[package]]
name = "winapi-x86_64-pc-windows-gnu"
version = "0.4.0"
source = "registry+https://github.com/rust-lang/crates.io-index"
checksum = "712e227841d057c1ee1cd2fb22fa7e5a5461ae8e48fa2ca79ec42cfc1931183f"
